{
  "object": {
    "pins": [
      {
        "package": "ImageLoader",
        "repositoryURL": "https://github.com/t-ae/image-loader.git",
        "state": {
          "branch": null,
          "revision": "af06c3308cbe4e95ba41011344368b3666ce4f62",
          "version": "0.1.7"
        }
      },
      {
        "package": "TensorBoardX",
        "repositoryURL": "https://github.com/t-ae/tensorboardx-s4tf.git",
        "state": {
          "branch": null,
          "revision": "86dd9916bff07e00ec4305874e16bfef589446ad",
          "version": "0.0.11"
        }
      }
    ]
  },
  "version": 1
}
