{
  "object": {
    "pins": [
      {
        "package": "ImageLoader",
        "repositoryURL": "https://github.com/t-ae/image-loader.git",
        "state": {
          "branch": null,
          "revision": "5e2651c4450b94a6b2ea5e14464ec5b7ad8d7839",
          "version": "0.1.1"
        }
      },
      {
        "package": "TensorBoardX",
        "repositoryURL": "https://github.com/t-ae/tensorboardx-s4tf.git",
        "state": {
          "branch": null,
          "revision": "1bc3e91ae87fec907834e99007ab0a332dec7eb4",
          "version": "0.0.6"
        }
      }
    ]
  },
  "version": 1
}
