{
  "object": {
    "pins": [
      {
        "package": "ImageLoader",
        "repositoryURL": "https://github.com/t-ae/image-loader.git",
        "state": {
          "branch": null,
          "revision": "14c362b0dd24e34904e6008b5bb6bab865ac3c73",
          "version": "0.1.6"
        }
      },
      {
        "package": "TensorBoardX",
        "repositoryURL": "https://github.com/t-ae/tensorboardx-s4tf.git",
        "state": {
          "branch": null,
          "revision": "86dd9916bff07e00ec4305874e16bfef589446ad",
          "version": "0.0.11"
        }
      }
    ]
  },
  "version": 1
}
